
Microsoft Visual Studio Solution File, Format Version 12.00
# Visual Studio Version 17
VisualStudioVersion = 17.7.34221.43
MinimumVisualStudioVersion = 10.0.40219.1
Project("{FAE04EC0-301F-11D3-BF4B-00C04F79EFBC}") = "APIREST1", "APIREST1\APIREST1.csproj", "{9BE3EBD6-C9EF-4FEB-A6F1-C653C14178C6}"
EndProject
Global
	GlobalSection(SolutionConfigurationPlatforms) = preSolution
		Debug|Any CPU = Debug|Any CPU
		Release|Any CPU = Release|Any CPU
	EndGlobalSection
	GlobalSection(ProjectConfigurationPlatforms) = postSolution
		{9BE3EBD6-C9EF-4FEB-A6F1-C653C14178C6}.Debug|Any CPU.ActiveCfg = Debug|Any CPU
		{9BE3EBD6-C9EF-4FEB-A6F1-C653C14178C6}.Debug|Any CPU.Build.0 = Debug|Any CPU
		{9BE3EBD6-C9EF-4FEB-A6F1-C653C14178C6}.Release|Any CPU.ActiveCfg = Release|Any CPU
		{9BE3EBD6-C9EF-4FEB-A6F1-C653C14178C6}.Release|Any CPU.Build.0 = Release|Any CPU
	EndGlobalSection
	GlobalSection(SolutionProperties) = preSolution
		HideSolutionNode = FALSE
	EndGlobalSection
	GlobalSection(ExtensibilityGlobals) = postSolution
		SolutionGuid = {7D1D2AF7-B4A5-45C0-A231-AC96DD224146}
	EndGlobalSection
EndGlobal
